
Microsoft Visual Studio Solution File, Format Version 12.00
# Visual Studio Version 16
VisualStudioVersion = 16.0.31112.23
MinimumVisualStudioVersion = 10.0.40219.1
Project("{FAE04EC0-301F-11D3-BF4B-00C04F79EFBC}") = "WSDL SERVICES", "WSDL SERVICES.csproj", "{97544220-4DD0-40BF-B772-923C9FDE3706}"
EndProject
Global
	GlobalSection(SolutionConfigurationPlatforms) = preSolution
		Debug|Any CPU = Debug|Any CPU
		Release|Any CPU = Release|Any CPU
	EndGlobalSection
	GlobalSection(ProjectConfigurationPlatforms) = postSolution
		{97544220-4DD0-40BF-B772-923C9FDE3706}.Debug|Any CPU.ActiveCfg = Debug|Any CPU
		{97544220-4DD0-40BF-B772-923C9FDE3706}.Debug|Any CPU.Build.0 = Debug|Any CPU
		{97544220-4DD0-40BF-B772-923C9FDE3706}.Release|Any CPU.ActiveCfg = Release|Any CPU
		{97544220-4DD0-40BF-B772-923C9FDE3706}.Release|Any CPU.Build.0 = Release|Any CPU
	EndGlobalSection
	GlobalSection(SolutionProperties) = preSolution
		HideSolutionNode = FALSE
	EndGlobalSection
	GlobalSection(ExtensibilityGlobals) = postSolution
		SolutionGuid = {A894B084-0D16-460A-A1C1-4AFC2A04B3D2}
	EndGlobalSection
EndGlobal
